// !$*UTF8*$!
{
	archiveVersion = 1;
	classes = {
	};
	objectVersion = 46;
	objects = {

/* Begin PBXBuildFile section */
		A75BB64E1CAF99E600650394 /* RNFileDownloadSessionManager.m in Sources */ = {isa = PBXBuildFile; fileRef = A75BB64D1CAF99E600650394 /* RNFileDownloadSessionManager.m */; };
		D045FC501B94140B00C00AF7 /* RNFileDownload.h in CopyFiles */ = {isa = PBXBuildFile; fileRef = D045FC4F1B94140B00C00AF7 /* RNFileDownload.h */; };
		D045FC521B94140B00C00AF7 /* RNFileDownload.m in Sources */ = {isa = PBXBuildFile; fileRef = D045FC511B94140B00C00AF7 /* RNFileDownload.m */; };
/* End PBXBuildFile section */

/* Begin PBXCopyFilesBuildPhase section */
		D045FC4A1B94140B00C00AF7 /* CopyFiles */ = {
			isa = PBXCopyFilesBuildPhase;
			buildActionMask = 2147483647;
			dstPath = "include/$(PRODUCT_NAME)";
			dstSubfolderSpec = 16;
			files = (
				D045FC501B94140B00C00AF7 /* RNFileDownload.h in CopyFiles */,
			);
			runOnlyForDeploymentPostprocessing = 0;
		};
/* End PBXCopyFilesBuildPhase section */

/* Begin PBXFileReference section */
		A75BB64C1CAF99E600650394 /* RNFileDownloadSessionManager.h */ = {isa = PBXFileReference; fileEncoding = 4; lastKnownFileType = sourcecode.c.h; path = RNFileDownloadSessionManager.h; sourceTree = "<group>"; };
		A75BB64D1CAF99E600650394 /* RNFileDownloadSessionManager.m */ = {isa = PBXFileReference; fileEncoding = 4; lastKnownFileType = sourcecode.c.objc; path = RNFileDownloadSessionManager.m; sourceTree = "<group>"; };
		D045FC4C1B94140B00C00AF7 /* libRNFileDownload.a */ = {isa = PBXFileReference; explicitFileType = archive.ar; includeInIndex = 0; path = libRNFileDownload.a; sourceTree = BUILT_PRODUCTS_DIR; };
		D045FC4F1B94140B00C00AF7 /* RNFileDownload.h */ = {isa = PBXFileReference; lastKnownFileType = sourcecode.c.h; path = RNFileDownload.h; sourceTree = "<group>"; };
		D045FC511B94140B00C00AF7 /* RNFileDownload.m */ = {isa = PBXFileReference; lastKnownFileType = sourcecode.c.objc; path = RNFileDownload.m; sourceTree = "<group>"; };
		D045FC5D1B94140B00C00AF7 /* Info.plist */ = {isa = PBXFileReference; lastKnownFileType = text.plist.xml; path = Info.plist; sourceTree = "<group>"; };
/* End PBXFileReference section */

/* Begin PBXFrameworksBuildPhase section */
		D045FC491B94140B00C00AF7 /* Frameworks */ = {
			isa = PBXFrameworksBuildPhase;
			buildActionMask = 2147483647;
			files = (
			);
			runOnlyForDeploymentPostprocessing = 0;
		};
/* End PBXFrameworksBuildPhase section */

/* Begin PBXGroup section */
		D045FC431B94140B00C00AF7 = {
			isa = PBXGroup;
			children = (
				D045FC4F1B94140B00C00AF7 /* RNFileDownload.h */,
				D045FC511B94140B00C00AF7 /* RNFileDownload.m */,
				A75BB64C1CAF99E600650394 /* RNFileDownloadSessionManager.h */,
				A75BB64D1CAF99E600650394 /* RNFileDownloadSessionManager.m */,
				D045FC5B1B94140B00C00AF7 /* RNFileDownloadTests */,
				D045FC4D1B94140B00C00AF7 /* Products */,
			);
			sourceTree = "<group>";
		};
		D045FC4D1B94140B00C00AF7 /* Products */ = {
			isa = PBXGroup;
			children = (
				D045FC4C1B94140B00C00AF7 /* libRNFileDownload.a */,
			);
			name = Products;
			sourceTree = "<group>";
		};
		D045FC5B1B94140B00C00AF7 /* RNFileDownloadTests */ = {
			isa = PBXGroup;
			children = (
				D045FC5C1B94140B00C00AF7 /* Supporting Files */,
			);
			path = RNFileDownloadTests;
			sourceTree = "<group>";
		};
		D045FC5C1B94140B00C00AF7 /* Supporting Files */ = {
			isa = PBXGroup;
			children = (
				D045FC5D1B94140B00C00AF7 /* Info.plist */,
			);
			name = "Supporting Files";
			sourceTree = "<group>";
		};
/* End PBXGroup section */

/* Begin PBXNativeTarget section */
		D045FC4B1B94140B00C00AF7 /* RNFileDownload */ = {
			isa = PBXNativeTarget;
			buildConfigurationList = D045FC601B94140B00C00AF7 /* Build configuration list for PBXNativeTarget "RNFileDownload" */;
			buildPhases = (
				D045FC481B94140B00C00AF7 /* Sources */,
				D045FC491B94140B00C00AF7 /* Frameworks */,
				D045FC4A1B94140B00C00AF7 /* CopyFiles */,
			);
			buildRules = (
			);
			dependencies = (
			);
			name = RNFileDownload;
			productName = RNFileDownload;
			productReference = D045FC4C1B94140B00C00AF7 /* libRNFileDownload.a */;
			productType = "com.apple.product-type.library.static";
		};
/* End PBXNativeTarget section */

/* Begin PBXProject section */
		D045FC441B94140B00C00AF7 /* Project object */ = {
			isa = PBXProject;
			attributes = {
				LastUpgradeCheck = 0640;
				ORGANIZATIONNAME = "Perry Poon";
				TargetAttributes = {
					D045FC4B1B94140B00C00AF7 = {
						CreatedOnToolsVersion = 6.4;
					};
				};
			};
			buildConfigurationList = D045FC471B94140B00C00AF7 /* Build configuration list for PBXProject "RNFileDownload" */;
			compatibilityVersion = "Xcode 3.2";
			developmentRegion = English;
			hasScannedForEncodings = 0;
			knownRegions = (
				en,
			);
			mainGroup = D045FC431B94140B00C00AF7;
			productRefGroup = D045FC4D1B94140B00C00AF7 /* Products */;
			projectDirPath = "";
			projectRoot = "";
			targets = (
				D045FC4B1B94140B00C00AF7 /* RNFileDownload */,
			);
		};
/* End PBXProject section */

/* Begin PBXSourcesBuildPhase section */
		D045FC481B94140B00C00AF7 /* Sources */ = {
			isa = PBXSourcesBuildPhase;
			buildActionMask = 2147483647;
			files = (
				A75BB64E1CAF99E600650394 /* RNFileDownloadSessionManager.m in Sources */,
				D045FC521B94140B00C00AF7 /* RNFileDownload.m in Sources */,
			);
			runOnlyForDeploymentPostprocessing = 0;
		};
/* End PBXSourcesBuildPhase section */

/* Begin XCBuildConfiguration section */
		D045FC5E1B94140B00C00AF7 /* Debug */ = {
			isa = XCBuildConfiguration;
			buildSettings = {
				ALWAYS_SEARCH_USER_PATHS = NO;
				CLANG_CXX_LANGUAGE_STANDARD = "gnu++0x";
				CLANG_CXX_LIBRARY = "libc++";
				CLANG_ENABLE_MODULES = YES;
				CLANG_ENABLE_OBJC_ARC = YES;
				CLANG_WARN_BOOL_CONVERSION = YES;
				CLANG_WARN_CONSTANT_CONVERSION = YES;
				CLANG_WARN_DIRECT_OBJC_ISA_USAGE = YES_ERROR;
				CLANG_WARN_EMPTY_BODY = YES;
				CLANG_WARN_ENUM_CONVERSION = YES;
				CLANG_WARN_INT_CONVERSION = YES;
				CLANG_WARN_OBJC_ROOT_CLASS = YES_ERROR;
				CLANG_WARN_UNREACHABLE_CODE = YES;
				CLANG_WARN__DUPLICATE_METHOD_MATCH = YES;
				COPY_PHASE_STRIP = NO;
				DEBUG_INFORMATION_FORMAT = "dwarf-with-dsym";
				ENABLE_STRICT_OBJC_MSGSEND = YES;
				GCC_C_LANGUAGE_STANDARD = gnu99;
				GCC_DYNAMIC_NO_PIC = NO;
				GCC_NO_COMMON_BLOCKS = YES;
				GCC_OPTIMIZATION_LEVEL = 0;
				GCC_PREPROCESSOR_DEFINITIONS = (
					"DEBUG=1",
					"$(inherited)",
				);
				GCC_SYMBOLS_PRIVATE_EXTERN = NO;
				GCC_WARN_64_TO_32_BIT_CONVERSION = YES;
				GCC_WARN_ABOUT_RETURN_TYPE = YES_ERROR;
				GCC_WARN_UNDECLARED_SELECTOR = YES;
				GCC_WARN_UNINITIALIZED_AUTOS = YES_AGGRESSIVE;
				GCC_WARN_UNUSED_FUNCTION = YES;
				GCC_WARN_UNUSED_VARIABLE = YES;
				HEADER_SEARCH_PATHS = (
					"$(inherited)",
					/Applications/Xcode.app/Contents/Developer/Toolchains/XcodeDefault.xctoolchain/usr/include,
					"$(SRCROOT)/../react-native/React/**",
					"$(SRCROOT)/../../React/**",
				);
				IPHONEOS_DEPLOYMENT_TARGET = 8.4;
				MTL_ENABLE_DEBUG_INFO = YES;
				ONLY_ACTIVE_ARCH = YES;
				SDKROOT = iphoneos;
			};
			name = Debug;
		};
		D045FC5F1B94140B00C00AF7 /* Release */ = {
			isa = XCBuildConfiguration;
			buildSettings = {
				ALWAYS_SEARCH_USER_PATHS = NO;
				CLANG_CXX_LANGUAGE_STANDARD = "gnu++0x";
				CLANG_CXX_LIBRARY = "libc++";
				CLANG_ENABLE_MODULES = YES;
				CLANG_ENABLE_OBJC_ARC = YES;
				CLANG_WARN_BOOL_CONVERSION = YES;
				CLANG_WARN_CONSTANT_CONVERSION = YES;
				CLANG_WARN_DIRECT_OBJC_ISA_USAGE = YES_ERROR;
				CLANG_WARN_EMPTY_BODY = YES;
				CLANG_WARN_ENUM_CONVERSION = YES;
				CLANG_WARN_INT_CONVERSION = YES;
				CLANG_WARN_OBJC_ROOT_CLASS = YES_ERROR;
				CLANG_WARN_UNREACHABLE_CODE = YES;
				CLANG_WARN__DUPLICATE_METHOD_MATCH = YES;
				COPY_PHASE_STRIP = NO;
				DEBUG_INFORMATION_FORMAT = "dwarf-with-dsym";
				ENABLE_NS_ASSERTIONS = NO;
				ENABLE_STRICT_OBJC_MSGSEND = YES;
				GCC_C_LANGUAGE_STANDARD = gnu99;
				GCC_NO_COMMON_BLOCKS = YES;
				GCC_WARN_64_TO_32_BIT_CONVERSION = YES;
				GCC_WARN_ABOUT_RETURN_TYPE = YES_ERROR;
				GCC_WARN_UNDECLARED_SELECTOR = YES;
				GCC_WARN_UNINITIALIZED_AUTOS = YES_AGGRESSIVE;
				GCC_WARN_UNUSED_FUNCTION = YES;
				GCC_WARN_UNUSED_VARIABLE = YES;
				HEADER_SEARCH_PATHS = (
					"$(inherited)",
					/Applications/Xcode.app/Contents/Developer/Toolchains/XcodeDefault.xctoolchain/usr/include,
					"$(SRCROOT)/../react-native/React/**",
					"$(SRCROOT)/../../React/**",
				);
				IPHONEOS_DEPLOYMENT_TARGET = 8.4;
				MTL_ENABLE_DEBUG_INFO = NO;
				SDKROOT = iphoneos;
				VALIDATE_PRODUCT = YES;
			};
			name = Release;
		};
		D045FC611B94140B00C00AF7 /* Debug */ = {
			isa = XCBuildConfiguration;
			buildSettings = {
				OTHER_LDFLAGS = "-ObjC";
				PRODUCT_NAME = "$(TARGET_NAME)";
				SKIP_INSTALL = YES;
			};
			name = Debug;
		};
		D045FC621B94140B00C00AF7 /* Release */ = {
			isa = XCBuildConfiguration;
			buildSettings = {
				OTHER_LDFLAGS = "-ObjC";
				PRODUCT_NAME = "$(TARGET_NAME)";
				SKIP_INSTALL = YES;
			};
			name = Release;
		};
/* End XCBuildConfiguration section */

/* Begin XCConfigurationList section */
		D045FC471B94140B00C00AF7 /* Build configuration list for PBXProject "RNFileDownload" */ = {
			isa = XCConfigurationList;
			buildConfigurations = (
				D045FC5E1B94140B00C00AF7 /* Debug */,
				D045FC5F1B94140B00C00AF7 /* Release */,
			);
			defaultConfigurationIsVisible = 0;
			defaultConfigurationName = Release;
		};
		D045FC601B94140B00C00AF7 /* Build configuration list for PBXNativeTarget "RNFileDownload" */ = {
			isa = XCConfigurationList;
			buildConfigurations = (
				D045FC611B94140B00C00AF7 /* Debug */,
				D045FC621B94140B00C00AF7 /* Release */,
			);
			defaultConfigurationIsVisible = 0;
			defaultConfigurationName = Release;
		};
/* End XCConfigurationList section */
	};
	rootObject = D045FC441B94140B00C00AF7 /* Project object */;
}
